
Microsoft Visual Studio Solution File, Format Version 12.00
# Visual Studio Version 17
VisualStudioVersion = 17.5.33424.131
MinimumVisualStudioVersion = 10.0.40219.1
Project("{FAE04EC0-301F-11D3-BF4B-00C04F79EFBC}") = "SoundLoop", "SoundLoop\SoundLoop.csproj", "{8C2C80E2-041A-4C31-A3A7-6C37D25C974C}"
EndProject
Global
	GlobalSection(SolutionConfigurationPlatforms) = preSolution
		Debug|Any CPU = Debug|Any CPU
		Release|Any CPU = Release|Any CPU
	EndGlobalSection
	GlobalSection(ProjectConfigurationPlatforms) = postSolution
		{8C2C80E2-041A-4C31-A3A7-6C37D25C974C}.Debug|Any CPU.ActiveCfg = Debug|Any CPU
		{8C2C80E2-041A-4C31-A3A7-6C37D25C974C}.Debug|Any CPU.Build.0 = Debug|Any CPU
		{8C2C80E2-041A-4C31-A3A7-6C37D25C974C}.Release|Any CPU.ActiveCfg = Release|Any CPU
		{8C2C80E2-041A-4C31-A3A7-6C37D25C974C}.Release|Any CPU.Build.0 = Release|Any CPU
	EndGlobalSection
	GlobalSection(SolutionProperties) = preSolution
		HideSolutionNode = FALSE
	EndGlobalSection
	GlobalSection(ExtensibilityGlobals) = postSolution
		SolutionGuid = {20D92AF5-E39E-4C53-BDC1-FADFD287B54C}
	EndGlobalSection
EndGlobal
